// !$*UTF8*$!
{
	archiveVersion = 1;
	classes = {
	};
	objectVersion = 56;
	objects = {

/* Begin PBXBuildFile section */
		FA951EF92B9539A700858B4A /* Email_LoginApp.swift in Sources */ = {isa = PBXBuildFile; fileRef = FA951EF82B9539A700858B4A /* Email_LoginApp.swift */; };
		FA951EFB2B9539A700858B4A /* ContentView.swift in Sources */ = {isa = PBXBuildFile; fileRef = FA951EFA2B9539A700858B4A /* ContentView.swift */; };
		FA951EFD2B9539AD00858B4A /* Assets.xcassets in Resources */ = {isa = PBXBuildFile; fileRef = FA951EFC2B9539AD00858B4A /* Assets.xcassets */; };
		FA951F002B9539AD00858B4A /* Preview Assets.xcassets in Resources */ = {isa = PBXBuildFile; fileRef = FA951EFF2B9539AD00858B4A /* Preview Assets.xcassets */; };
		FA951F162B953B3200858B4A /* FirebaseAuth in Frameworks */ = {isa = PBXBuildFile; productRef = FA951F152B953B3200858B4A /* FirebaseAuth */; };
		FA951F182B953B3C00858B4A /* Lottie in Frameworks */ = {isa = PBXBuildFile; productRef = FA951F172B953B3C00858B4A /* Lottie */; };
		FA951F1A2B953D4700858B4A /* GoogleService-Info.plist in Resources */ = {isa = PBXBuildFile; fileRef = FA951F192B953D4700858B4A /* GoogleService-Info.plist */; };
		FA951F1D2B953D9600858B4A /* Login.swift in Sources */ = {isa = PBXBuildFile; fileRef = FA951F1C2B953D9600858B4A /* Login.swift */; };
		FAED6B2B2B965E1B00855CF9 /* EmailAnimation.json in Resources */ = {isa = PBXBuildFile; fileRef = FAED6B2A2B965E1A00855CF9 /* EmailAnimation.json */; };
		FAED6B2D2B9663BD00855CF9 /* Home.swift in Sources */ = {isa = PBXBuildFile; fileRef = FAED6B2C2B9663BD00855CF9 /* Home.swift */; };
/* End PBXBuildFile section */

/* Begin PBXFileReference section */
		FA951EF52B9539A700858B4A /* Email Login.app */ = {isa = PBXFileReference; explicitFileType = wrapper.application; includeInIndex = 0; path = "Email Login.app"; sourceTree = BUILT_PRODUCTS_DIR; };
		FA951EF82B9539A700858B4A /* Email_LoginApp.swift */ = {isa = PBXFileReference; lastKnownFileType = sourcecode.swift; path = Email_LoginApp.swift; sourceTree = "<group>"; };
		FA951EFA2B9539A700858B4A /* ContentView.swift */ = {isa = PBXFileReference; lastKnownFileType = sourcecode.swift; path = ContentView.swift; sourceTree = "<group>"; };
		FA951EFC2B9539AD00858B4A /* Assets.xcassets */ = {isa = PBXFileReference; lastKnownFileType = folder.assetcatalog; path = Assets.xcassets; sourceTree = "<group>"; };
		FA951EFF2B9539AD00858B4A /* Preview Assets.xcassets */ = {isa = PBXFileReference; lastKnownFileType = folder.assetcatalog; path = "Preview Assets.xcassets"; sourceTree = "<group>"; };
		FA951F192B953D4700858B4A /* GoogleService-Info.plist */ = {isa = PBXFileReference; fileEncoding = 4; lastKnownFileType = text.plist.xml; path = "GoogleService-Info.plist"; sourceTree = "<group>"; };
		FA951F1C2B953D9600858B4A /* Login.swift */ = {isa = PBXFileReference; lastKnownFileType = sourcecode.swift; path = Login.swift; sourceTree = "<group>"; };
		FAED6B2A2B965E1A00855CF9 /* EmailAnimation.json */ = {isa = PBXFileReference; fileEncoding = 4; lastKnownFileType = text.json; path = EmailAnimation.json; sourceTree = "<group>"; };
		FAED6B2C2B9663BD00855CF9 /* Home.swift */ = {isa = PBXFileReference; lastKnownFileType = sourcecode.swift; path = Home.swift; sourceTree = "<group>"; };
/* End PBXFileReference section */

/* Begin PBXFrameworksBuildPhase section */
		FA951EF22B9539A700858B4A /* Frameworks */ = {
			isa = PBXFrameworksBuildPhase;
			buildActionMask = 2147483647;
			files = (
				FA951F162B953B3200858B4A /* FirebaseAuth in Frameworks */,
				FA951F182B953B3C00858B4A /* Lottie in Frameworks */,
			);
			runOnlyForDeploymentPostprocessing = 0;
		};
/* End PBXFrameworksBuildPhase section */

/* Begin PBXGroup section */
		FA951EEC2B9539A700858B4A = {
			isa = PBXGroup;
			children = (
				FA951EF72B9539A700858B4A /* Email Login */,
				FA951EF62B9539A700858B4A /* Products */,
				FA951F142B953B3200858B4A /* Frameworks */,
			);
			sourceTree = "<group>";
		};
		FA951EF62B9539A700858B4A /* Products */ = {
			isa = PBXGroup;
			children = (
				FA951EF52B9539A700858B4A /* Email Login.app */,
			);
			name = Products;
			sourceTree = "<group>";
		};
		FA951EF72B9539A700858B4A /* Email Login */ = {
			isa = PBXGroup;
			children = (
				FA951F1B2B953D7800858B4A /* View */,
				FA951EF82B9539A700858B4A /* Email_LoginApp.swift */,
				FA951EFA2B9539A700858B4A /* ContentView.swift */,
				FA951EFC2B9539AD00858B4A /* Assets.xcassets */,
				FA951EFE2B9539AD00858B4A /* Preview Content */,
				FA951F192B953D4700858B4A /* GoogleService-Info.plist */,
				FAED6B2A2B965E1A00855CF9 /* EmailAnimation.json */,
			);
			path = "Email Login";
			sourceTree = "<group>";
		};
		FA951EFE2B9539AD00858B4A /* Preview Content */ = {
			isa = PBXGroup;
			children = (
				FA951EFF2B9539AD00858B4A /* Preview Assets.xcassets */,
			);
			path = "Preview Content";
			sourceTree = "<group>";
		};
		FA951F142B953B3200858B4A /* Frameworks */ = {
			isa = PBXGroup;
			children = (
			);
			name = Frameworks;
			sourceTree = "<group>";
		};
		FA951F1B2B953D7800858B4A /* View */ = {
			isa = PBXGroup;
			children = (
				FA951F1C2B953D9600858B4A /* Login.swift */,
				FAED6B2C2B9663BD00855CF9 /* Home.swift */,
			);
			path = View;
			sourceTree = "<group>";
		};
/* End PBXGroup section */

/* Begin PBXNativeTarget section */
		FA951EF42B9539A700858B4A /* Email Login */ = {
			isa = PBXNativeTarget;
			buildConfigurationList = FA951F032B9539AD00858B4A /* Build configuration list for PBXNativeTarget "Email Login" */;
			buildPhases = (
				FA951EF12B9539A700858B4A /* Sources */,
				FA951EF22B9539A700858B4A /* Frameworks */,
				FA951EF32B9539A700858B4A /* Resources */,
			);
			buildRules = (
			);
			dependencies = (
			);
			name = "Email Login";
			packageProductDependencies = (
				FA951F152B953B3200858B4A /* FirebaseAuth */,
				FA951F172B953B3C00858B4A /* Lottie */,
			);
			productName = "Email Login";
			productReference = FA951EF52B9539A700858B4A /* Email Login.app */;
			productType = "com.apple.product-type.application";
		};
/* End PBXNativeTarget section */

/* Begin PBXProject section */
		FA951EED2B9539A700858B4A /* Project object */ = {
			isa = PBXProject;
			attributes = {
				BuildIndependentTargetsInParallel = 1;
				LastSwiftUpdateCheck = 1520;
				LastUpgradeCheck = 1520;
				TargetAttributes = {
					FA951EF42B9539A700858B4A = {
						CreatedOnToolsVersion = 15.2;
					};
				};
			};
			buildConfigurationList = FA951EF02B9539A700858B4A /* Build configuration list for PBXProject "Email Login" */;
			compatibilityVersion = "Xcode 14.0";
			developmentRegion = en;
			hasScannedForEncodings = 0;
			knownRegions = (
				en,
				Base,
			);
			mainGroup = FA951EEC2B9539A700858B4A;
			packageReferences = (
				FA951F062B953A6700858B4A /* XCRemoteSwiftPackageReference "firebase-ios-sdk" */,
				FA951F112B953B0B00858B4A /* XCRemoteSwiftPackageReference "lottie-ios" */,
			);
			productRefGroup = FA951EF62B9539A700858B4A /* Products */;
			projectDirPath = "";
			projectRoot = "";
			targets = (
				FA951EF42B9539A700858B4A /* Email Login */,
			);
		};
/* End PBXProject section */

/* Begin PBXResourcesBuildPhase section */
		FA951EF32B9539A700858B4A /* Resources */ = {
			isa = PBXResourcesBuildPhase;
			buildActionMask = 2147483647;
			files = (
				FA951F002B9539AD00858B4A /* Preview Assets.xcassets in Resources */,
				FA951EFD2B9539AD00858B4A /* Assets.xcassets in Resources */,
				FA951F1A2B953D4700858B4A /* GoogleService-Info.plist in Resources */,
				FAED6B2B2B965E1B00855CF9 /* EmailAnimation.json in Resources */,
			);
			runOnlyForDeploymentPostprocessing = 0;
		};
/* End PBXResourcesBuildPhase section */

/* Begin PBXSourcesBuildPhase section */
		FA951EF12B9539A700858B4A /* Sources */ = {
			isa = PBXSourcesBuildPhase;
			buildActionMask = 2147483647;
			files = (
				FA951F1D2B953D9600858B4A /* Login.swift in Sources */,
				FA951EFB2B9539A700858B4A /* ContentView.swift in Sources */,
				FAED6B2D2B9663BD00855CF9 /* Home.swift in Sources */,
				FA951EF92B9539A700858B4A /* Email_LoginApp.swift in Sources */,
			);
			runOnlyForDeploymentPostprocessing = 0;
		};
/* End PBXSourcesBuildPhase section */

/* Begin XCBuildConfiguration section */
		FA951F012B9539AD00858B4A /* Debug */ = {
			isa = XCBuildConfiguration;
			buildSettings = {
				ALWAYS_SEARCH_USER_PATHS = NO;
				ASSETCATALOG_COMPILER_GENERATE_SWIFT_ASSET_SYMBOL_EXTENSIONS = YES;
				CLANG_ANALYZER_NONNULL = YES;
				CLANG_ANALYZER_NUMBER_OBJECT_CONVERSION = YES_AGGRESSIVE;
				CLANG_CXX_LANGUAGE_STANDARD = "gnu++20";
				CLANG_ENABLE_MODULES = YES;
				CLANG_ENABLE_OBJC_ARC = YES;
				CLANG_ENABLE_OBJC_WEAK = YES;
				CLANG_WARN_BLOCK_CAPTURE_AUTORELEASING = YES;
				CLANG_WARN_BOOL_CONVERSION = YES;
				CLANG_WARN_COMMA = YES;
				CLANG_WARN_CONSTANT_CONVERSION = YES;
				CLANG_WARN_DEPRECATED_OBJC_IMPLEMENTATIONS = YES;
				CLANG_WARN_DIRECT_OBJC_ISA_USAGE = YES_ERROR;
				CLANG_WARN_DOCUMENTATION_COMMENTS = YES;
				CLANG_WARN_EMPTY_BODY = YES;
				CLANG_WARN_ENUM_CONVERSION = YES;
				CLANG_WARN_INFINITE_RECURSION = YES;
				CLANG_WARN_INT_CONVERSION = YES;
				CLANG_WARN_NON_LITERAL_NULL_CONVERSION = YES;
				CLANG_WARN_OBJC_IMPLICIT_RETAIN_SELF = YES;
				CLANG_WARN_OBJC_LITERAL_CONVERSION = YES;
				CLANG_WARN_OBJC_ROOT_CLASS = YES_ERROR;
				CLANG_WARN_QUOTED_INCLUDE_IN_FRAMEWORK_HEADER = YES;
				CLANG_WARN_RANGE_LOOP_ANALYSIS = YES;
				CLANG_WARN_STRICT_PROTOTYPES = YES;
				CLANG_WARN_SUSPICIOUS_MOVE = YES;
				CLANG_WARN_UNGUARDED_AVAILABILITY = YES_AGGRESSIVE;
				CLANG_WARN_UNREACHABLE_CODE = YES;
				CLANG_WARN__DUPLICATE_METHOD_MATCH = YES;
				COPY_PHASE_STRIP = NO;
				DEBUG_INFORMATION_FORMAT = dwarf;
				ENABLE_STRICT_OBJC_MSGSEND = YES;
				ENABLE_TESTABILITY = YES;
				ENABLE_USER_SCRIPT_SANDBOXING = YES;
				GCC_C_LANGUAGE_STANDARD = gnu17;
				GCC_DYNAMIC_NO_PIC = NO;
				GCC_NO_COMMON_BLOCKS = YES;
				GCC_OPTIMIZATION_LEVEL = 0;
				GCC_PREPROCESSOR_DEFINITIONS = (
					"DEBUG=1",
					"$(inherited)",
				);
				GCC_WARN_64_TO_32_BIT_CONVERSION = YES;
				GCC_WARN_ABOUT_RETURN_TYPE = YES_ERROR;
				GCC_WARN_UNDECLARED_SELECTOR = YES;
				GCC_WARN_UNINITIALIZED_AUTOS = YES_AGGRESSIVE;
				GCC_WARN_UNUSED_FUNCTION = YES;
				GCC_WARN_UNUSED_VARIABLE = YES;
				IPHONEOS_DEPLOYMENT_TARGET = 17.0;
				LOCALIZATION_PREFERS_STRING_CATALOGS = YES;
				MTL_ENABLE_DEBUG_INFO = INCLUDE_SOURCE;
				MTL_FAST_MATH = YES;
				ONLY_ACTIVE_ARCH = YES;
				SDKROOT = iphoneos;
				SWIFT_ACTIVE_COMPILATION_CONDITIONS = "DEBUG $(inherited)";
				SWIFT_OPTIMIZATION_LEVEL = "-Onone";
			};
			name = Debug;
		};
		FA951F022B9539AD00858B4A /* Release */ = {
			isa = XCBuildConfiguration;
			buildSettings = {
				ALWAYS_SEARCH_USER_PATHS = NO;
				ASSETCATALOG_COMPILER_GENERATE_SWIFT_ASSET_SYMBOL_EXTENSIONS = YES;
				CLANG_ANALYZER_NONNULL = YES;
				CLANG_ANALYZER_NUMBER_OBJECT_CONVERSION = YES_AGGRESSIVE;
				CLANG_CXX_LANGUAGE_STANDARD = "gnu++20";
				CLANG_ENABLE_MODULES = YES;
				CLANG_ENABLE_OBJC_ARC = YES;
				CLANG_ENABLE_OBJC_WEAK = YES;
				CLANG_WARN_BLOCK_CAPTURE_AUTORELEASING = YES;
				CLANG_WARN_BOOL_CONVERSION = YES;
				CLANG_WARN_COMMA = YES;
				CLANG_WARN_CONSTANT_CONVERSION = YES;
				CLANG_WARN_DEPRECATED_OBJC_IMPLEMENTATIONS = YES;
				CLANG_WARN_DIRECT_OBJC_ISA_USAGE = YES_ERROR;
				CLANG_WARN_DOCUMENTATION_COMMENTS = YES;
				CLANG_WARN_EMPTY_BODY = YES;
				CLANG_WARN_ENUM_CONVERSION = YES;
				CLANG_WARN_INFINITE_RECURSION = YES;
				CLANG_WARN_INT_CONVERSION = YES;
				CLANG_WARN_NON_LITERAL_NULL_CONVERSION = YES;
				CLANG_WARN_OBJC_IMPLICIT_RETAIN_SELF = YES;
				CLANG_WARN_OBJC_LITERAL_CONVERSION = YES;
				CLANG_WARN_OBJC_ROOT_CLASS = YES_ERROR;
				CLANG_WARN_QUOTED_INCLUDE_IN_FRAMEWORK_HEADER = YES;
				CLANG_WARN_RANGE_LOOP_ANALYSIS = YES;
				CLANG_WARN_STRICT_PROTOTYPES = YES;
				CLANG_WARN_SUSPICIOUS_MOVE = YES;
				CLANG_WARN_UNGUARDED_AVAILABILITY = YES_AGGRESSIVE;
				CLANG_WARN_UNREACHABLE_CODE = YES;
				CLANG_WARN__DUPLICATE_METHOD_MATCH = YES;
				COPY_PHASE_STRIP = NO;
				DEBUG_INFORMATION_FORMAT = "dwarf-with-dsym";
				ENABLE_NS_ASSERTIONS = NO;
				ENABLE_STRICT_OBJC_MSGSEND = YES;
				ENABLE_USER_SCRIPT_SANDBOXING = YES;
				GCC_C_LANGUAGE_STANDARD = gnu17;
				GCC_NO_COMMON_BLOCKS = YES;
				GCC_WARN_64_TO_32_BIT_CONVERSION = YES;
				GCC_WARN_ABOUT_RETURN_TYPE = YES_ERROR;
				GCC_WARN_UNDECLARED_SELECTOR = YES;
				GCC_WARN_UNINITIALIZED_AUTOS = YES_AGGRESSIVE;
				GCC_WARN_UNUSED_FUNCTION = YES;
				GCC_WARN_UNUSED_VARIABLE = YES;
				IPHONEOS_DEPLOYMENT_TARGET = 17.0;
				LOCALIZATION_PREFERS_STRING_CATALOGS = YES;
				MTL_ENABLE_DEBUG_INFO = NO;
				MTL_FAST_MATH = YES;
				SDKROOT = iphoneos;
				SWIFT_COMPILATION_MODE = wholemodule;
				VALIDATE_PRODUCT = YES;
			};
			name = Release;
		};
		FA951F042B9539AD00858B4A /* Debug */ = {
			isa = XCBuildConfiguration;
			buildSettings = {
				ASSETCATALOG_COMPILER_APPICON_NAME = AppIcon;
				ASSETCATALOG_COMPILER_GLOBAL_ACCENT_COLOR_NAME = AccentColor;
				CODE_SIGN_STYLE = Automatic;
				CURRENT_PROJECT_VERSION = 1;
				DEVELOPMENT_ASSET_PATHS = "\"Email Login/Preview Content\"";
				DEVELOPMENT_TEAM = 562WV8JAQT;
				ENABLE_PREVIEWS = YES;
				GENERATE_INFOPLIST_FILE = YES;
				INFOPLIST_KEY_UIApplicationSceneManifest_Generation = YES;
				INFOPLIST_KEY_UIApplicationSupportsIndirectInputEvents = YES;
				INFOPLIST_KEY_UILaunchScreen_Generation = YES;
				INFOPLIST_KEY_UISupportedInterfaceOrientations_iPad = "UIInterfaceOrientationPortrait UIInterfaceOrientationPortraitUpsideDown UIInterfaceOrientationLandscapeLeft UIInterfaceOrientationLandscapeRight";
				INFOPLIST_KEY_UISupportedInterfaceOrientations_iPhone = "UIInterfaceOrientationPortrait UIInterfaceOrientationLandscapeLeft UIInterfaceOrientationLandscapeRight";
				LD_RUNPATH_SEARCH_PATHS = (
					"$(inherited)",
					"@executable_path/Frameworks",
				);
				MARKETING_VERSION = 1.0;
				PRODUCT_BUNDLE_IDENTIFIER = "com.vmlitsolution.Email-Login";
				PRODUCT_NAME = "$(TARGET_NAME)";
				SWIFT_EMIT_LOC_STRINGS = YES;
				SWIFT_VERSION = 5.0;
				TARGETED_DEVICE_FAMILY = "1,2";
			};
			name = Debug;
		};
		FA951F052B9539AD00858B4A /* Release */ = {
			isa = XCBuildConfiguration;
			buildSettings = {
				ASSETCATALOG_COMPILER_APPICON_NAME = AppIcon;
				ASSETCATALOG_COMPILER_GLOBAL_ACCENT_COLOR_NAME = AccentColor;
				CODE_SIGN_STYLE = Automatic;
				CURRENT_PROJECT_VERSION = 1;
				DEVELOPMENT_ASSET_PATHS = "\"Email Login/Preview Content\"";
				DEVELOPMENT_TEAM = 562WV8JAQT;
				ENABLE_PREVIEWS = YES;
				GENERATE_INFOPLIST_FILE = YES;
				INFOPLIST_KEY_UIApplicationSceneManifest_Generation = YES;
				INFOPLIST_KEY_UIApplicationSupportsIndirectInputEvents = YES;
				INFOPLIST_KEY_UILaunchScreen_Generation = YES;
				INFOPLIST_KEY_UISupportedInterfaceOrientations_iPad = "UIInterfaceOrientationPortrait UIInterfaceOrientationPortraitUpsideDown UIInterfaceOrientationLandscapeLeft UIInterfaceOrientationLandscapeRight";
				INFOPLIST_KEY_UISupportedInterfaceOrientations_iPhone = "UIInterfaceOrientationPortrait UIInterfaceOrientationLandscapeLeft UIInterfaceOrientationLandscapeRight";
				LD_RUNPATH_SEARCH_PATHS = (
					"$(inherited)",
					"@executable_path/Frameworks",
				);
				MARKETING_VERSION = 1.0;
				PRODUCT_BUNDLE_IDENTIFIER = "com.vmlitsolution.Email-Login";
				PRODUCT_NAME = "$(TARGET_NAME)";
				SWIFT_EMIT_LOC_STRINGS = YES;
				SWIFT_VERSION = 5.0;
				TARGETED_DEVICE_FAMILY = "1,2";
			};
			name = Release;
		};
/* End XCBuildConfiguration section */

/* Begin XCConfigurationList section */
		FA951EF02B9539A700858B4A /* Build configuration list for PBXProject "Email Login" */ = {
			isa = XCConfigurationList;
			buildConfigurations = (
				FA951F012B9539AD00858B4A /* Debug */,
				FA951F022B9539AD00858B4A /* Release */,
			);
			defaultConfigurationIsVisible = 0;
			defaultConfigurationName = Release;
		};
		FA951F032B9539AD00858B4A /* Build configuration list for PBXNativeTarget "Email Login" */ = {
			isa = XCConfigurationList;
			buildConfigurations = (
				FA951F042B9539AD00858B4A /* Debug */,
				FA951F052B9539AD00858B4A /* Release */,
			);
			defaultConfigurationIsVisible = 0;
			defaultConfigurationName = Release;
		};
/* End XCConfigurationList section */

/* Begin XCRemoteSwiftPackageReference section */
		FA951F062B953A6700858B4A /* XCRemoteSwiftPackageReference "firebase-ios-sdk" */ = {
			isa = XCRemoteSwiftPackageReference;
			repositoryURL = "https://github.com/firebase/firebase-ios-sdk";
			requirement = {
				kind = upToNextMajorVersion;
				minimumVersion = 10.21.0;
			};
		};
		FA951F112B953B0B00858B4A /* XCRemoteSwiftPackageReference "lottie-ios" */ = {
			isa = XCRemoteSwiftPackageReference;
			repositoryURL = "https://github.com/airbnb/lottie-ios.git";
			requirement = {
				kind = upToNextMajorVersion;
				minimumVersion = 4.4.1;
			};
		};
/* End XCRemoteSwiftPackageReference section */

/* Begin XCSwiftPackageProductDependency section */
		FA951F152B953B3200858B4A /* FirebaseAuth */ = {
			isa = XCSwiftPackageProductDependency;
			package = FA951F062B953A6700858B4A /* XCRemoteSwiftPackageReference "firebase-ios-sdk" */;
			productName = FirebaseAuth;
		};
		FA951F172B953B3C00858B4A /* Lottie */ = {
			isa = XCSwiftPackageProductDependency;
			package = FA951F112B953B0B00858B4A /* XCRemoteSwiftPackageReference "lottie-ios" */;
			productName = Lottie;
		};
/* End XCSwiftPackageProductDependency section */
	};
	rootObject = FA951EED2B9539A700858B4A /* Project object */;
}
